// !$*UTF8*$!
{
	archiveVersion = 1;
	classes = {
	};
	objectVersion = 56;
	objects = {

/* Begin PBXBuildFile section */
		EC47D3CF2B1F2108008C6E76 /* todolistModel.xcdatamodeld in Sources */ = {isa = PBXBuildFile; fileRef = EC47D3CD2B1F2108008C6E76 /* todolistModel.xcdatamodeld */; };
		EC47D3D12B20A02C008C6E76 /* YourSetsTableViewCell.swift in Sources */ = {isa = PBXBuildFile; fileRef = EC47D3D02B20A02C008C6E76 /* YourSetsTableViewCell.swift */; };
		EC47D3D32B2334BD008C6E76 /* TimePickerFunctions.swift in Sources */ = {isa = PBXBuildFile; fileRef = EC47D3D22B2334BD008C6E76 /* TimePickerFunctions.swift */; };
		EC47D3D72B2484F9008C6E76 /* CounterPage.swift in Sources */ = {isa = PBXBuildFile; fileRef = EC47D3D62B2484F9008C6E76 /* CounterPage.swift */; };
		EC6A841E2B1F0A5700CA3A83 /* AppDelegate.swift in Sources */ = {isa = PBXBuildFile; fileRef = EC6A841D2B1F0A5700CA3A83 /* AppDelegate.swift */; };
		EC6A84202B1F0A5700CA3A83 /* SceneDelegate.swift in Sources */ = {isa = PBXBuildFile; fileRef = EC6A841F2B1F0A5700CA3A83 /* SceneDelegate.swift */; };
		EC6A84222B1F0A5700CA3A83 /* HomePage.swift in Sources */ = {isa = PBXBuildFile; fileRef = EC6A84212B1F0A5700CA3A83 /* HomePage.swift */; };
		EC6A84252B1F0A5700CA3A83 /* Main.storyboard in Resources */ = {isa = PBXBuildFile; fileRef = EC6A84232B1F0A5700CA3A83 /* Main.storyboard */; };
		EC6A84272B1F0A5900CA3A83 /* Assets.xcassets in Resources */ = {isa = PBXBuildFile; fileRef = EC6A84262B1F0A5900CA3A83 /* Assets.xcassets */; };
		EC6A842A2B1F0A5900CA3A83 /* LaunchScreen.storyboard in Resources */ = {isa = PBXBuildFile; fileRef = EC6A84282B1F0A5900CA3A83 /* LaunchScreen.storyboard */; };
		EC6A84322B1F0D4300CA3A83 /* SetsPage.swift in Sources */ = {isa = PBXBuildFile; fileRef = EC6A84312B1F0D4300CA3A83 /* SetsPage.swift */; };
		EC6A84342B1F142F00CA3A83 /* ToDoListCell.swift in Sources */ = {isa = PBXBuildFile; fileRef = EC6A84332B1F142F00CA3A83 /* ToDoListCell.swift */; };
		ECBD201D2B34F52800D999E3 /* TabbarController.swift in Sources */ = {isa = PBXBuildFile; fileRef = ECBD201C2B34F52800D999E3 /* TabbarController.swift */; };
		ECBD201F2B34F68F00D999E3 /* CustomTabbar.swift in Sources */ = {isa = PBXBuildFile; fileRef = ECBD201E2B34F68F00D999E3 /* CustomTabbar.swift */; };
/* End PBXBuildFile section */

/* Begin PBXFileReference section */
		EC47D3CE2B1F2108008C6E76 /* todolistModel.xcdatamodel */ = {isa = PBXFileReference; lastKnownFileType = wrapper.xcdatamodel; path = todolistModel.xcdatamodel; sourceTree = "<group>"; };
		EC47D3D02B20A02C008C6E76 /* YourSetsTableViewCell.swift */ = {isa = PBXFileReference; lastKnownFileType = sourcecode.swift; path = YourSetsTableViewCell.swift; sourceTree = "<group>"; };
		EC47D3D22B2334BD008C6E76 /* TimePickerFunctions.swift */ = {isa = PBXFileReference; lastKnownFileType = sourcecode.swift; path = TimePickerFunctions.swift; sourceTree = "<group>"; };
		EC47D3D62B2484F9008C6E76 /* CounterPage.swift */ = {isa = PBXFileReference; lastKnownFileType = sourcecode.swift; path = CounterPage.swift; sourceTree = "<group>"; };
		EC6A841A2B1F0A5700CA3A83 /* MyToDoList.app */ = {isa = PBXFileReference; explicitFileType = wrapper.application; includeInIndex = 0; path = MyToDoList.app; sourceTree = BUILT_PRODUCTS_DIR; };
		EC6A841D2B1F0A5700CA3A83 /* AppDelegate.swift */ = {isa = PBXFileReference; lastKnownFileType = sourcecode.swift; path = AppDelegate.swift; sourceTree = "<group>"; };
		EC6A841F2B1F0A5700CA3A83 /* SceneDelegate.swift */ = {isa = PBXFileReference; lastKnownFileType = sourcecode.swift; path = SceneDelegate.swift; sourceTree = "<group>"; };
		EC6A84212B1F0A5700CA3A83 /* HomePage.swift */ = {isa = PBXFileReference; lastKnownFileType = sourcecode.swift; path = HomePage.swift; sourceTree = "<group>"; };
		EC6A84242B1F0A5700CA3A83 /* Base */ = {isa = PBXFileReference; lastKnownFileType = file.storyboard; name = Base; path = Base.lproj/Main.storyboard; sourceTree = "<group>"; };
		EC6A84262B1F0A5900CA3A83 /* Assets.xcassets */ = {isa = PBXFileReference; lastKnownFileType = folder.assetcatalog; path = Assets.xcassets; sourceTree = "<group>"; };
		EC6A84292B1F0A5900CA3A83 /* Base */ = {isa = PBXFileReference; lastKnownFileType = file.storyboard; name = Base; path = Base.lproj/LaunchScreen.storyboard; sourceTree = "<group>"; };
		EC6A842B2B1F0A5900CA3A83 /* Info.plist */ = {isa = PBXFileReference; lastKnownFileType = text.plist.xml; path = Info.plist; sourceTree = "<group>"; };
		EC6A84312B1F0D4300CA3A83 /* SetsPage.swift */ = {isa = PBXFileReference; lastKnownFileType = sourcecode.swift; path = SetsPage.swift; sourceTree = "<group>"; };
		EC6A84332B1F142F00CA3A83 /* ToDoListCell.swift */ = {isa = PBXFileReference; lastKnownFileType = sourcecode.swift; path = ToDoListCell.swift; sourceTree = "<group>"; };
		ECBD201C2B34F52800D999E3 /* TabbarController.swift */ = {isa = PBXFileReference; lastKnownFileType = sourcecode.swift; path = TabbarController.swift; sourceTree = "<group>"; };
		ECBD201E2B34F68F00D999E3 /* CustomTabbar.swift */ = {isa = PBXFileReference; lastKnownFileType = sourcecode.swift; path = CustomTabbar.swift; sourceTree = "<group>"; };
/* End PBXFileReference section */

/* Begin PBXFrameworksBuildPhase section */
		EC6A84172B1F0A5700CA3A83 /* Frameworks */ = {
			isa = PBXFrameworksBuildPhase;
			buildActionMask = 2147483647;
			files = (
			);
			runOnlyForDeploymentPostprocessing = 0;
		};
/* End PBXFrameworksBuildPhase section */

/* Begin PBXGroup section */
		EC6A84112B1F0A5700CA3A83 = {
			isa = PBXGroup;
			children = (
				EC6A841C2B1F0A5700CA3A83 /* MyToDoList */,
				EC6A841B2B1F0A5700CA3A83 /* Products */,
			);
			sourceTree = "<group>";
		};
		EC6A841B2B1F0A5700CA3A83 /* Products */ = {
			isa = PBXGroup;
			children = (
				EC6A841A2B1F0A5700CA3A83 /* MyToDoList.app */,
			);
			name = Products;
			sourceTree = "<group>";
		};
		EC6A841C2B1F0A5700CA3A83 /* MyToDoList */ = {
			isa = PBXGroup;
			children = (
				EC6A841D2B1F0A5700CA3A83 /* AppDelegate.swift */,
				EC47D3D22B2334BD008C6E76 /* TimePickerFunctions.swift */,
				EC47D3D02B20A02C008C6E76 /* YourSetsTableViewCell.swift */,
				ECBD201C2B34F52800D999E3 /* TabbarController.swift */,
				ECBD201E2B34F68F00D999E3 /* CustomTabbar.swift */,
				EC6A84332B1F142F00CA3A83 /* ToDoListCell.swift */,
				EC47D3D62B2484F9008C6E76 /* CounterPage.swift */,
				EC6A841F2B1F0A5700CA3A83 /* SceneDelegate.swift */,
				EC6A84212B1F0A5700CA3A83 /* HomePage.swift */,
				EC6A84312B1F0D4300CA3A83 /* SetsPage.swift */,
				EC6A84232B1F0A5700CA3A83 /* Main.storyboard */,
				EC6A84262B1F0A5900CA3A83 /* Assets.xcassets */,
				EC6A84282B1F0A5900CA3A83 /* LaunchScreen.storyboard */,
				EC6A842B2B1F0A5900CA3A83 /* Info.plist */,
				EC47D3CD2B1F2108008C6E76 /* todolistModel.xcdatamodeld */,
			);
			path = MyToDoList;
			sourceTree = "<group>";
		};
/* End PBXGroup section */

/* Begin PBXNativeTarget section */
		EC6A84192B1F0A5700CA3A83 /* MyToDoList */ = {
			isa = PBXNativeTarget;
			buildConfigurationList = EC6A842E2B1F0A5900CA3A83 /* Build configuration list for PBXNativeTarget "MyToDoList" */;
			buildPhases = (
				EC6A84162B1F0A5700CA3A83 /* Sources */,
				EC6A84172B1F0A5700CA3A83 /* Frameworks */,
				EC6A84182B1F0A5700CA3A83 /* Resources */,
			);
			buildRules = (
			);
			dependencies = (
			);
			name = MyToDoList;
			productName = MyToDoList;
			productReference = EC6A841A2B1F0A5700CA3A83 /* MyToDoList.app */;
			productType = "com.apple.product-type.application";
		};
/* End PBXNativeTarget section */

/* Begin PBXProject section */
		EC6A84122B1F0A5700CA3A83 /* Project object */ = {
			isa = PBXProject;
			attributes = {
				BuildIndependentTargetsInParallel = 1;
				LastSwiftUpdateCheck = 1430;
				LastUpgradeCheck = 1430;
				TargetAttributes = {
					EC6A84192B1F0A5700CA3A83 = {
						CreatedOnToolsVersion = 14.3.1;
					};
				};
			};
			buildConfigurationList = EC6A84152B1F0A5700CA3A83 /* Build configuration list for PBXProject "MyToDoList" */;
			compatibilityVersion = "Xcode 14.0";
			developmentRegion = en;
			hasScannedForEncodings = 0;
			knownRegions = (
				en,
				Base,
			);
			mainGroup = EC6A84112B1F0A5700CA3A83;
			productRefGroup = EC6A841B2B1F0A5700CA3A83 /* Products */;
			projectDirPath = "";
			projectRoot = "";
			targets = (
				EC6A84192B1F0A5700CA3A83 /* MyToDoList */,
			);
		};
/* End PBXProject section */

/* Begin PBXResourcesBuildPhase section */
		EC6A84182B1F0A5700CA3A83 /* Resources */ = {
			isa = PBXResourcesBuildPhase;
			buildActionMask = 2147483647;
			files = (
				EC6A842A2B1F0A5900CA3A83 /* LaunchScreen.storyboard in Resources */,
				EC6A84272B1F0A5900CA3A83 /* Assets.xcassets in Resources */,
				EC6A84252B1F0A5700CA3A83 /* Main.storyboard in Resources */,
			);
			runOnlyForDeploymentPostprocessing = 0;
		};
/* End PBXResourcesBuildPhase section */

/* Begin PBXSourcesBuildPhase section */
		EC6A84162B1F0A5700CA3A83 /* Sources */ = {
			isa = PBXSourcesBuildPhase;
			buildActionMask = 2147483647;
			files = (
				EC47D3D72B2484F9008C6E76 /* CounterPage.swift in Sources */,
				EC6A84222B1F0A5700CA3A83 /* HomePage.swift in Sources */,
				EC6A841E2B1F0A5700CA3A83 /* AppDelegate.swift in Sources */,
				EC47D3D32B2334BD008C6E76 /* TimePickerFunctions.swift in Sources */,
				EC47D3D12B20A02C008C6E76 /* YourSetsTableViewCell.swift in Sources */,
				ECBD201D2B34F52800D999E3 /* TabbarController.swift in Sources */,
				EC6A84202B1F0A5700CA3A83 /* SceneDelegate.swift in Sources */,
				EC6A84342B1F142F00CA3A83 /* ToDoListCell.swift in Sources */,
				EC6A84322B1F0D4300CA3A83 /* SetsPage.swift in Sources */,
				EC47D3CF2B1F2108008C6E76 /* todolistModel.xcdatamodeld in Sources */,
				ECBD201F2B34F68F00D999E3 /* CustomTabbar.swift in Sources */,
			);
			runOnlyForDeploymentPostprocessing = 0;
		};
/* End PBXSourcesBuildPhase section */

/* Begin PBXVariantGroup section */
		EC6A84232B1F0A5700CA3A83 /* Main.storyboard */ = {
			isa = PBXVariantGroup;
			children = (
				EC6A84242B1F0A5700CA3A83 /* Base */,
			);
			name = Main.storyboard;
			sourceTree = "<group>";
		};
		EC6A84282B1F0A5900CA3A83 /* LaunchScreen.storyboard */ = {
			isa = PBXVariantGroup;
			children = (
				EC6A84292B1F0A5900CA3A83 /* Base */,
			);
			name = LaunchScreen.storyboard;
			sourceTree = "<group>";
		};
/* End PBXVariantGroup section */

/* Begin XCBuildConfiguration section */
		EC6A842C2B1F0A5900CA3A83 /* Debug */ = {
			isa = XCBuildConfiguration;
			buildSettings = {
				ALWAYS_SEARCH_USER_PATHS = NO;
				CLANG_ANALYZER_NONNULL = YES;
				CLANG_ANALYZER_NUMBER_OBJECT_CONVERSION = YES_AGGRESSIVE;
				CLANG_CXX_LANGUAGE_STANDARD = "gnu++20";
				CLANG_ENABLE_MODULES = YES;
				CLANG_ENABLE_OBJC_ARC = YES;
				CLANG_ENABLE_OBJC_WEAK = YES;
				CLANG_WARN_BLOCK_CAPTURE_AUTORELEASING = YES;
				CLANG_WARN_BOOL_CONVERSION = YES;
				CLANG_WARN_COMMA = YES;
				CLANG_WARN_CONSTANT_CONVERSION = YES;
				CLANG_WARN_DEPRECATED_OBJC_IMPLEMENTATIONS = YES;
				CLANG_WARN_DIRECT_OBJC_ISA_USAGE = YES_ERROR;
				CLANG_WARN_DOCUMENTATION_COMMENTS = YES;
				CLANG_WARN_EMPTY_BODY = YES;
				CLANG_WARN_ENUM_CONVERSION = YES;
				CLANG_WARN_INFINITE_RECURSION = YES;
				CLANG_WARN_INT_CONVERSION = YES;
				CLANG_WARN_NON_LITERAL_NULL_CONVERSION = YES;
				CLANG_WARN_OBJC_IMPLICIT_RETAIN_SELF = YES;
				CLANG_WARN_OBJC_LITERAL_CONVERSION = YES;
				CLANG_WARN_OBJC_ROOT_CLASS = YES_ERROR;
				CLANG_WARN_QUOTED_INCLUDE_IN_FRAMEWORK_HEADER = YES;
				CLANG_WARN_RANGE_LOOP_ANALYSIS = YES;
				CLANG_WARN_STRICT_PROTOTYPES = YES;
				CLANG_WARN_SUSPICIOUS_MOVE = YES;
				CLANG_WARN_UNGUARDED_AVAILABILITY = YES_AGGRESSIVE;
				CLANG_WARN_UNREACHABLE_CODE = YES;
				CLANG_WARN__DUPLICATE_METHOD_MATCH = YES;
				COPY_PHASE_STRIP = NO;
				DEBUG_INFORMATION_FORMAT = dwarf;
				ENABLE_STRICT_OBJC_MSGSEND = YES;
				ENABLE_TESTABILITY = YES;
				GCC_C_LANGUAGE_STANDARD = gnu11;
				GCC_DYNAMIC_NO_PIC = NO;
				GCC_NO_COMMON_BLOCKS = YES;
				GCC_OPTIMIZATION_LEVEL = 0;
				GCC_PREPROCESSOR_DEFINITIONS = (
					"DEBUG=1",
					"$(inherited)",
				);
				GCC_WARN_64_TO_32_BIT_CONVERSION = YES;
				GCC_WARN_ABOUT_RETURN_TYPE = YES_ERROR;
				GCC_WARN_UNDECLARED_SELECTOR = YES;
				GCC_WARN_UNINITIALIZED_AUTOS = YES_AGGRESSIVE;
				GCC_WARN_UNUSED_FUNCTION = YES;
				GCC_WARN_UNUSED_VARIABLE = YES;
				IPHONEOS_DEPLOYMENT_TARGET = 16.4;
				MTL_ENABLE_DEBUG_INFO = INCLUDE_SOURCE;
				MTL_FAST_MATH = YES;
				ONLY_ACTIVE_ARCH = YES;
				SDKROOT = iphoneos;
				SWIFT_ACTIVE_COMPILATION_CONDITIONS = DEBUG;
				SWIFT_OPTIMIZATION_LEVEL = "-Onone";
			};
			name = Debug;
		};
		EC6A842D2B1F0A5900CA3A83 /* Release */ = {
			isa = XCBuildConfiguration;
			buildSettings = {
				ALWAYS_SEARCH_USER_PATHS = NO;
				CLANG_ANALYZER_NONNULL = YES;
				CLANG_ANALYZER_NUMBER_OBJECT_CONVERSION = YES_AGGRESSIVE;
				CLANG_CXX_LANGUAGE_STANDARD = "gnu++20";
				CLANG_ENABLE_MODULES = YES;
				CLANG_ENABLE_OBJC_ARC = YES;
				CLANG_ENABLE_OBJC_WEAK = YES;
				CLANG_WARN_BLOCK_CAPTURE_AUTORELEASING = YES;
				CLANG_WARN_BOOL_CONVERSION = YES;
				CLANG_WARN_COMMA = YES;
				CLANG_WARN_CONSTANT_CONVERSION = YES;
				CLANG_WARN_DEPRECATED_OBJC_IMPLEMENTATIONS = YES;
				CLANG_WARN_DIRECT_OBJC_ISA_USAGE = YES_ERROR;
				CLANG_WARN_DOCUMENTATION_COMMENTS = YES;
				CLANG_WARN_EMPTY_BODY = YES;
				CLANG_WARN_ENUM_CONVERSION = YES;
				CLANG_WARN_INFINITE_RECURSION = YES;
				CLANG_WARN_INT_CONVERSION = YES;
				CLANG_WARN_NON_LITERAL_NULL_CONVERSION = YES;
				CLANG_WARN_OBJC_IMPLICIT_RETAIN_SELF = YES;
				CLANG_WARN_OBJC_LITERAL_CONVERSION = YES;
				CLANG_WARN_OBJC_ROOT_CLASS = YES_ERROR;
				CLANG_WARN_QUOTED_INCLUDE_IN_FRAMEWORK_HEADER = YES;
				CLANG_WARN_RANGE_LOOP_ANALYSIS = YES;
				CLANG_WARN_STRICT_PROTOTYPES = YES;
				CLANG_WARN_SUSPICIOUS_MOVE = YES;
				CLANG_WARN_UNGUARDED_AVAILABILITY = YES_AGGRESSIVE;
				CLANG_WARN_UNREACHABLE_CODE = YES;
				CLANG_WARN__DUPLICATE_METHOD_MATCH = YES;
				COPY_PHASE_STRIP = NO;
				DEBUG_INFORMATION_FORMAT = "dwarf-with-dsym";
				ENABLE_NS_ASSERTIONS = NO;
				ENABLE_STRICT_OBJC_MSGSEND = YES;
				GCC_C_LANGUAGE_STANDARD = gnu11;
				GCC_NO_COMMON_BLOCKS = YES;
				GCC_WARN_64_TO_32_BIT_CONVERSION = YES;
				GCC_WARN_ABOUT_RETURN_TYPE = YES_ERROR;
				GCC_WARN_UNDECLARED_SELECTOR = YES;
				GCC_WARN_UNINITIALIZED_AUTOS = YES_AGGRESSIVE;
				GCC_WARN_UNUSED_FUNCTION = YES;
				GCC_WARN_UNUSED_VARIABLE = YES;
				IPHONEOS_DEPLOYMENT_TARGET = 16.4;
				MTL_ENABLE_DEBUG_INFO = NO;
				MTL_FAST_MATH = YES;
				SDKROOT = iphoneos;
				SWIFT_COMPILATION_MODE = wholemodule;
				SWIFT_OPTIMIZATION_LEVEL = "-O";
				VALIDATE_PRODUCT = YES;
			};
			name = Release;
		};
		EC6A842F2B1F0A5900CA3A83 /* Debug */ = {
			isa = XCBuildConfiguration;
			buildSettings = {
				ASSETCATALOG_COMPILER_APPICON_NAME = AppIcon;
				ASSETCATALOG_COMPILER_GLOBAL_ACCENT_COLOR_NAME = AccentColor;
				CODE_SIGN_STYLE = Automatic;
				CURRENT_PROJECT_VERSION = 1;
				GENERATE_INFOPLIST_FILE = YES;
				INFOPLIST_FILE = MyToDoList/Info.plist;
				INFOPLIST_KEY_UIApplicationSupportsIndirectInputEvents = YES;
				INFOPLIST_KEY_UILaunchStoryboardName = LaunchScreen;
				INFOPLIST_KEY_UIMainStoryboardFile = Main;
				INFOPLIST_KEY_UISupportedInterfaceOrientations_iPad = "UIInterfaceOrientationPortrait UIInterfaceOrientationPortraitUpsideDown UIInterfaceOrientationLandscapeLeft UIInterfaceOrientationLandscapeRight";
				INFOPLIST_KEY_UISupportedInterfaceOrientations_iPhone = "UIInterfaceOrientationPortrait UIInterfaceOrientationLandscapeLeft UIInterfaceOrientationLandscapeRight";
				LD_RUNPATH_SEARCH_PATHS = (
					"$(inherited)",
					"@executable_path/Frameworks",
				);
				MARKETING_VERSION = 1.0;
				PRODUCT_BUNDLE_IDENTIFIER = com.bnezgirl.MyToDoList;
				PRODUCT_NAME = "$(TARGET_NAME)";
				SWIFT_EMIT_LOC_STRINGS = YES;
				SWIFT_VERSION = 5.0;
				TARGETED_DEVICE_FAMILY = "1,2";
			};
			name = Debug;
		};
		EC6A84302B1F0A5900CA3A83 /* Release */ = {
			isa = XCBuildConfiguration;
			buildSettings = {
				ASSETCATALOG_COMPILER_APPICON_NAME = AppIcon;
				ASSETCATALOG_COMPILER_GLOBAL_ACCENT_COLOR_NAME = AccentColor;
				CODE_SIGN_STYLE = Automatic;
				CURRENT_PROJECT_VERSION = 1;
				GENERATE_INFOPLIST_FILE = YES;
				INFOPLIST_FILE = MyToDoList/Info.plist;
				INFOPLIST_KEY_UIApplicationSupportsIndirectInputEvents = YES;
				INFOPLIST_KEY_UILaunchStoryboardName = LaunchScreen;
				INFOPLIST_KEY_UIMainStoryboardFile = Main;
				INFOPLIST_KEY_UISupportedInterfaceOrientations_iPad = "UIInterfaceOrientationPortrait UIInterfaceOrientationPortraitUpsideDown UIInterfaceOrientationLandscapeLeft UIInterfaceOrientationLandscapeRight";
				INFOPLIST_KEY_UISupportedInterfaceOrientations_iPhone = "UIInterfaceOrientationPortrait UIInterfaceOrientationLandscapeLeft UIInterfaceOrientationLandscapeRight";
				LD_RUNPATH_SEARCH_PATHS = (
					"$(inherited)",
					"@executable_path/Frameworks",
				);
				MARKETING_VERSION = 1.0;
				PRODUCT_BUNDLE_IDENTIFIER = com.bnezgirl.MyToDoList;
				PRODUCT_NAME = "$(TARGET_NAME)";
				SWIFT_EMIT_LOC_STRINGS = YES;
				SWIFT_VERSION = 5.0;
				TARGETED_DEVICE_FAMILY = "1,2";
			};
			name = Release;
		};
/* End XCBuildConfiguration section */

/* Begin XCConfigurationList section */
		EC6A84152B1F0A5700CA3A83 /* Build configuration list for PBXProject "MyToDoList" */ = {
			isa = XCConfigurationList;
			buildConfigurations = (
				EC6A842C2B1F0A5900CA3A83 /* Debug */,
				EC6A842D2B1F0A5900CA3A83 /* Release */,
			);
			defaultConfigurationIsVisible = 0;
			defaultConfigurationName = Release;
		};
		EC6A842E2B1F0A5900CA3A83 /* Build configuration list for PBXNativeTarget "MyToDoList" */ = {
			isa = XCConfigurationList;
			buildConfigurations = (
				EC6A842F2B1F0A5900CA3A83 /* Debug */,
				EC6A84302B1F0A5900CA3A83 /* Release */,
			);
			defaultConfigurationIsVisible = 0;
			defaultConfigurationName = Release;
		};
/* End XCConfigurationList section */

/* Begin XCVersionGroup section */
		EC47D3CD2B1F2108008C6E76 /* todolistModel.xcdatamodeld */ = {
			isa = XCVersionGroup;
			children = (
				EC47D3CE2B1F2108008C6E76 /* todolistModel.xcdatamodel */,
			);
			currentVersion = EC47D3CE2B1F2108008C6E76 /* todolistModel.xcdatamodel */;
			path = todolistModel.xcdatamodeld;
			sourceTree = "<group>";
			versionGroupType = wrapper.xcdatamodel;
		};
/* End XCVersionGroup section */
	};
	rootObject = EC6A84122B1F0A5700CA3A83 /* Project object */;
}
